
Microsoft Visual Studio Solution File, Format Version 12.00
# Visual Studio Version 16
VisualStudioVersion = 16.0.29306.81
MinimumVisualStudioVersion = 10.0.40219.1
Project("{8BC9CEB8-8B4A-11D0-8D11-00A0C91BC942}") = "Server_CHAT", "Server_CHAT.vcxproj", "{B0F8C155-C005-460F-A19C-68F80B9A96DF}"
EndProject
Global
	GlobalSection(SolutionConfigurationPlatforms) = preSolution
		Debug|x64 = Debug|x64
		Debug|x86 = Debug|x86
		Release|x64 = Release|x64
		Release|x86 = Release|x86
	EndGlobalSection
	GlobalSection(ProjectConfigurationPlatforms) = postSolution
		{B0F8C155-C005-460F-A19C-68F80B9A96DF}.Debug|x64.ActiveCfg = Debug|x64
		{B0F8C155-C005-460F-A19C-68F80B9A96DF}.Debug|x64.Build.0 = Debug|x64
		{B0F8C155-C005-460F-A19C-68F80B9A96DF}.Debug|x86.ActiveCfg = Debug|Win32
		{B0F8C155-C005-460F-A19C-68F80B9A96DF}.Debug|x86.Build.0 = Debug|Win32
		{B0F8C155-C005-460F-A19C-68F80B9A96DF}.Release|x64.ActiveCfg = Release|x64
		{B0F8C155-C005-460F-A19C-68F80B9A96DF}.Release|x64.Build.0 = Release|x64
		{B0F8C155-C005-460F-A19C-68F80B9A96DF}.Release|x86.ActiveCfg = Release|Win32
		{B0F8C155-C005-460F-A19C-68F80B9A96DF}.Release|x86.Build.0 = Release|Win32
	EndGlobalSection
	GlobalSection(SolutionProperties) = preSolution
		HideSolutionNode = FALSE
	EndGlobalSection
	GlobalSection(ExtensibilityGlobals) = postSolution
		SolutionGuid = {438FA9A4-7670-416C-9CC4-100C661E0B72}
	EndGlobalSection
EndGlobal
